
Microsoft Visual Studio Solution File, Format Version 12.00
# Visual Studio 15
VisualStudioVersion = 15.0.28307.168
MinimumVisualStudioVersion = 10.0.40219.1
Project("{FAE04EC0-301F-11D3-BF4B-00C04F79EFBC}") = "Assignment2_v2", "Assignment2_v2\Assignment2_v2.csproj", "{EFD3E307-DCB8-4306-B817-8C8B07AD6214}"
EndProject
Global
	GlobalSection(SolutionConfigurationPlatforms) = preSolution
		Debug|Any CPU = Debug|Any CPU
		Release|Any CPU = Release|Any CPU
	EndGlobalSection
	GlobalSection(ProjectConfigurationPlatforms) = postSolution
		{EFD3E307-DCB8-4306-B817-8C8B07AD6214}.Debug|Any CPU.ActiveCfg = Debug|Any CPU
		{EFD3E307-DCB8-4306-B817-8C8B07AD6214}.Debug|Any CPU.Build.0 = Debug|Any CPU
		{EFD3E307-DCB8-4306-B817-8C8B07AD6214}.Release|Any CPU.ActiveCfg = Release|Any CPU
		{EFD3E307-DCB8-4306-B817-8C8B07AD6214}.Release|Any CPU.Build.0 = Release|Any CPU
	EndGlobalSection
	GlobalSection(SolutionProperties) = preSolution
		HideSolutionNode = FALSE
	EndGlobalSection
	GlobalSection(ExtensibilityGlobals) = postSolution
		SolutionGuid = {A6D0C6CD-E042-4419-83D9-8D0F04441990}
	EndGlobalSection
EndGlobal
